
Microsoft Visual Studio Solution File, Format Version 12.00
# Visual Studio 15
VisualStudioVersion = 15.0.27130.2036
MinimumVisualStudioVersion = 10.0.40219.1
Project("{FAE04EC0-301F-11D3-BF4B-00C04F79EFBC}") = "Task2_100418", "Task2_100418\Task2_100418.csproj", "{B1390EE4-AE72-4CBE-904D-6C82915B4C6E}"
EndProject
Global
	GlobalSection(SolutionConfigurationPlatforms) = preSolution
		Debug|Any CPU = Debug|Any CPU
		Release|Any CPU = Release|Any CPU
	EndGlobalSection
	GlobalSection(ProjectConfigurationPlatforms) = postSolution
		{B1390EE4-AE72-4CBE-904D-6C82915B4C6E}.Debug|Any CPU.ActiveCfg = Debug|Any CPU
		{B1390EE4-AE72-4CBE-904D-6C82915B4C6E}.Debug|Any CPU.Build.0 = Debug|Any CPU
		{B1390EE4-AE72-4CBE-904D-6C82915B4C6E}.Release|Any CPU.ActiveCfg = Release|Any CPU
		{B1390EE4-AE72-4CBE-904D-6C82915B4C6E}.Release|Any CPU.Build.0 = Release|Any CPU
	EndGlobalSection
	GlobalSection(SolutionProperties) = preSolution
		HideSolutionNode = FALSE
	EndGlobalSection
	GlobalSection(ExtensibilityGlobals) = postSolution
		SolutionGuid = {851B74D9-C909-43D8-B4F3-FDDE0A3EA7EC}
	EndGlobalSection
EndGlobal
